
Microsoft Visual Studio Solution File, Format Version 12.00
# Visual Studio Version 17
VisualStudioVersion = 17.5.002.0
MinimumVisualStudioVersion = 10.0.40219.1
Project("{9A19103F-16F7-4668-BE54-9A1E7A4F7556}") = "Ex_C#_Natal_04_09_24", "Ex_C#_Natal_04_09_24.csproj", "{CF36117D-71CB-4DFE-8B4B-ED3535875F98}"
EndProject
Global
	GlobalSection(SolutionConfigurationPlatforms) = preSolution
		Debug|Any CPU = Debug|Any CPU
		Release|Any CPU = Release|Any CPU
	EndGlobalSection
	GlobalSection(ProjectConfigurationPlatforms) = postSolution
		{CF36117D-71CB-4DFE-8B4B-ED3535875F98}.Debug|Any CPU.ActiveCfg = Debug|Any CPU
		{CF36117D-71CB-4DFE-8B4B-ED3535875F98}.Debug|Any CPU.Build.0 = Debug|Any CPU
		{CF36117D-71CB-4DFE-8B4B-ED3535875F98}.Release|Any CPU.ActiveCfg = Release|Any CPU
		{CF36117D-71CB-4DFE-8B4B-ED3535875F98}.Release|Any CPU.Build.0 = Release|Any CPU
	EndGlobalSection
	GlobalSection(SolutionProperties) = preSolution
		HideSolutionNode = FALSE
	EndGlobalSection
	GlobalSection(ExtensibilityGlobals) = postSolution
		SolutionGuid = {E59313AB-4F12-40A0-8CA1-3B204566AB7B}
	EndGlobalSection
EndGlobal
